{
  "version": 4,
  "terraform_version": "1.2.9",
  "serial": 3,
  "lineage": "acf0c3a3-941c-ceb9-0d1f-6aaf09aca02d",
  "outputs": {},
  "resources": [
    {
      "mode": "managed",
      "type": "scaleway_object_bucket",
      "name": "frontend",
      "provider": "provider[\"registry.terraform.io/scaleway/scaleway\"]",
      "instances": [
        {
          "schema_version": 0,
          "attributes": {
            "acl": "public-read",
            "cors_rule": [],
            "endpoint": "https://bolesta-booking-frontend.s3.fr-par.scw.cloud",
            "force_destroy": false,
            "id": "fr-par/bolesta-booking-frontend",
            "lifecycle_rule": [],
            "name": "bolesta-booking-frontend",
            "region": "fr-par",
            "tags": null,
            "timeouts": null,
            "versioning": [
              {
                "enabled": false
              }
            ]
          },
          "sensitive_attributes": [],
          "private": "eyJlMmJmYjczMC1lY2FhLTExZTYtOGY4OC0zNDM2M2JjN2M0YzAiOnsiY3JlYXRlIjo2MDAwMDAwMDAwMDAsImRlZmF1bHQiOjYwMDAwMDAwMDAwMCwiZGVsZXRlIjo2MDAwMDAwMDAwMDAsInJlYWQiOjYwMDAwMDAwMDAwMCwidXBkYXRlIjo2MDAwMDAwMDAwMDB9fQ=="
        }
      ]
    },
    {
      "mode": "managed",
      "type": "scaleway_object_bucket_website_configuration",
      "name": "frontend_website",
      "provider": "provider[\"registry.terraform.io/scaleway/scaleway\"]",
      "instances": [
        {
          "schema_version": 0,
          "attributes": {
            "bucket": "bolesta-booking-frontend",
            "error_document": [],
            "id": "fr-par/bolesta-booking-frontend",
            "index_document": [
              {
                "suffix": "index.html"
              }
            ],
            "website_domain": "s3-website.fr-par.scw.cloud",
            "website_endpoint": "bolesta-booking-frontend.s3-website.fr-par.scw.cloud"
          },
          "sensitive_attributes": [],
          "private": "bnVsbA==",
          "dependencies": [
            "scaleway_object_bucket.frontend"
          ]
        }
      ]
    }
  ]
}
